{
  "name": "ep-qr-redirects",
  "lockfileVersion": 3,
  "requires": true,
  "packages": {
    "": {
      "name": "ep-qr-redirects",
      "dependencies": {
        "@vercel/functions": "^1.5.0",
        "@vercel/global-config": "^1.5.1"
      }
    },
    "node_modules/@vercel/functions": {
      "version": "1.6.0",
      "resolved": "https://registry.npmjs.org/@vercel/functions/-/functions-1.6.0.tgz",
      "integrity": "sha512-R6FKQrYT5MZs5IE1SqeCJWxMuBdHawFcCZboKKw8p7s+6/mcd55Gx6tWmyKnQTyrSEA04NH73Tc9CbqpEle8RA==",
      "license": "Apache-2.0",
      "engines": {
        "node": ">= 16"
      },
      "peerDependencies": {
        "@aws-sdk/credential-provider-web-identity": "*"
      },
      "peerDependenciesMeta": {
        "@aws-sdk/credential-provider-web-identity": {
          "optional": true
        }
      }
    },
    "node_modules/@vercel/global-config": {
      "version": "1.5.1",
      "resolved": "https://registry.npmjs.org/@vercel/global-config/-/global-config-1.5.1.tgz",
      "integrity": "sha512-PUJaoyMGuSLdKnBgYIqeH1i6U3G+5noLvvJLqI8IPP5+P0b2Q5EcBBraFRh6ctNY/yTpb40klyLYyE3X0OPmKQ==",
      "license": "Apache-2.0",
      "dependencies": {
        "@vercel/global-config-fs": "0.1.0"
      },
      "engines": {
        "node": ">=14.6"
      },
      "peerDependencies": {
        "@opentelemetry/api": "^1.7.0",
        "next": ">=1"
      },
      "peerDependenciesMeta": {
        "@opentelemetry/api": {
          "optional": true
        },
        "next": {
          "optional": true
        }
      }
    },
    "node_modules/@vercel/global-config-fs": {
      "version": "0.1.0",
      "resolved": "https://registry.npmjs.org/@vercel/global-config-fs/-/global-config-fs-0.1.0.tgz",
      "integrity": "sha512-xxMUwf96H/qKTA4Az+uh3xlVWkwnN3z400P5gex0uUsU8pe99njopYVyKVoUTfu8gN9xbHqaigWaIBr1+lufMg==",
      "license": "Apache-2.0"
    }
  }
}
